{
  "name": "scripts",
  "version": "1.0.0",
  "lockfileVersion": 3,
  "requires": true,
  "packages": {
    "": {
      "name": "scripts",
      "version": "1.0.0",
      "license": "ISC",
      "dependencies": {
        "glazewm": "^1.7.0",
        "ws": "^8.20.0"
      }
    },
    "node_modules/glazewm": {
      "version": "1.7.0",
      "resolved": "https://registry.npmjs.org/glazewm/-/glazewm-1.7.0.tgz",
      "integrity": "sha512-UWwtO4OZMOytA3KS70xihxJLqGJxtLE3XUnhLxrAgbXhIhy/0B4yF4RX3dEETozeB0sUbCnWc0a5KY8saErm2A==",
      "license": "MIT",
      "dependencies": {
        "tslib": "2.6.1"
      },
      "engines": {
        "node": ">=12"
      },
      "peerDependencies": {
        "ws": "*"
      },
      "peerDependenciesMeta": {
        "ws": {
          "optional": true
        }
      }
    },
    "node_modules/tslib": {
      "version": "2.6.1",
      "resolved": "https://registry.npmjs.org/tslib/-/tslib-2.6.1.tgz",
      "integrity": "sha512-t0hLfiEKfMUoqhG+U1oid7Pva4bbDPHYfJNiB7BiIjRkj1pyC++4N3huJfqY6aRH6VTB0rvtzQwjM4K6qpfOig==",
      "license": "0BSD"
    },
    "node_modules/ws": {
      "version": "8.20.0",
      "resolved": "https://registry.npmjs.org/ws/-/ws-8.20.0.tgz",
      "integrity": "sha512-sAt8BhgNbzCtgGbt2OxmpuryO63ZoDk/sqaB/znQm94T4fCEsy/yV+7CdC1kJhOU9lboAEU7R3kquuycDoibVA==",
      "license": "MIT",
      "engines": {
        "node": ">=10.0.0"
      },
      "peerDependencies": {
        "bufferutil": "^4.0.1",
        "utf-8-validate": ">=5.0.2"
      },
      "peerDependenciesMeta": {
        "bufferutil": {
          "optional": true
        },
        "utf-8-validate": {
          "optional": true
        }
      }
    }
  }
}
